// !$*UTF8*$!
{
	archiveVersion = 1;
	classes = {
	};
	objectVersion = 50;
	objects = {

/* Begin PBXBuildFile section */
		20B42DC6C87F937D3D70FEAB /* libPods-testUITests.a in Frameworks */ = {isa = PBXBuildFile; fileRef = 393EAE26B9EAFC26CF295D4C /* libPods-testUITests.a */; };
		403C5E6821AE774200D449AB /* AppDelegate.swift in Sources */ = {isa = PBXBuildFile; fileRef = 403C5E6721AE774200D449AB /* AppDelegate.swift */; };
		403C5E6A21AE774200D449AB /* ViewController.swift in Sources */ = {isa = PBXBuildFile; fileRef = 403C5E6921AE774200D449AB /* ViewController.swift */; };
		403C5E6D21AE774200D449AB /* Main.storyboard in Resources */ = {isa = PBXBuildFile; fileRef = 403C5E6B21AE774200D449AB /* Main.storyboard */; };
		403C5E6F21AE774300D449AB /* Assets.xcassets in Resources */ = {isa = PBXBuildFile; fileRef = 403C5E6E21AE774300D449AB /* Assets.xcassets */; };
		403C5E7221AE774300D449AB /* LaunchScreen.storyboard in Resources */ = {isa = PBXBuildFile; fileRef = 403C5E7021AE774300D449AB /* LaunchScreen.storyboard */; };
		403C5E7D21AE774300D449AB /* testTests.swift in Sources */ = {isa = PBXBuildFile; fileRef = 403C5E7C21AE774300D449AB /* testTests.swift */; };
		403C5E8821AE774300D449AB /* testUITests.swift in Sources */ = {isa = PBXBuildFile; fileRef = 403C5E8721AE774300D449AB /* testUITests.swift */; };
		403C5E9621AE7B2100D449AB /* DetailViewController.swift in Sources */ = {isa = PBXBuildFile; fileRef = 403C5E9521AE7B2100D449AB /* DetailViewController.swift */; };
		A354F883C2CC1D496C10DA56 /* Pods_test.framework in Frameworks */ = {isa = PBXBuildFile; fileRef = A7A2982120423618B550FA86 /* Pods_test.framework */; };
		FA9380E7287F973D2DA1A1D3 /* Pods_testTests.framework in Frameworks */ = {isa = PBXBuildFile; fileRef = 06679761919DC853674D5D8E /* Pods_testTests.framework */; };
/* End PBXBuildFile section */

/* Begin PBXContainerItemProxy section */
		403C5E7921AE774300D449AB /* PBXContainerItemProxy */ = {
			isa = PBXContainerItemProxy;
			containerPortal = 403C5E5C21AE774200D449AB /* Project object */;
			proxyType = 1;
			remoteGlobalIDString = 403C5E6321AE774200D449AB;
			remoteInfo = test;
		};
		403C5E8421AE774300D449AB /* PBXContainerItemProxy */ = {
			isa = PBXContainerItemProxy;
			containerPortal = 403C5E5C21AE774200D449AB /* Project object */;
			proxyType = 1;
			remoteGlobalIDString = 403C5E6321AE774200D449AB;
			remoteInfo = test;
		};
/* End PBXContainerItemProxy section */

/* Begin PBXFileReference section */
		06679761919DC853674D5D8E /* Pods_testTests.framework */ = {isa = PBXFileReference; explicitFileType = wrapper.framework; includeInIndex = 0; path = Pods_testTests.framework; sourceTree = BUILT_PRODUCTS_DIR; };
		1E5DCC39C15B97898F7B8B0F /* Pods-testTests.debug.xcconfig */ = {isa = PBXFileReference; includeInIndex = 1; lastKnownFileType = text.xcconfig; name = "Pods-testTests.debug.xcconfig"; path = "Target Support Files/Pods-testTests/Pods-testTests.debug.xcconfig"; sourceTree = "<group>"; };
		393EAE26B9EAFC26CF295D4C /* libPods-testUITests.a */ = {isa = PBXFileReference; explicitFileType = archive.ar; includeInIndex = 0; path = "libPods-testUITests.a"; sourceTree = BUILT_PRODUCTS_DIR; };
		403C5E6421AE774200D449AB /* test.app */ = {isa = PBXFileReference; explicitFileType = wrapper.application; includeInIndex = 0; path = test.app; sourceTree = BUILT_PRODUCTS_DIR; };
		403C5E6721AE774200D449AB /* AppDelegate.swift */ = {isa = PBXFileReference; lastKnownFileType = sourcecode.swift; path = AppDelegate.swift; sourceTree = "<group>"; };
		403C5E6921AE774200D449AB /* ViewController.swift */ = {isa = PBXFileReference; lastKnownFileType = sourcecode.swift; path = ViewController.swift; sourceTree = "<group>"; };
		403C5E6C21AE774200D449AB /* Base */ = {isa = PBXFileReference; lastKnownFileType = file.storyboard; name = Base; path = Base.lproj/Main.storyboard; sourceTree = "<group>"; };
		403C5E6E21AE774300D449AB /* Assets.xcassets */ = {isa = PBXFileReference; lastKnownFileType = folder.assetcatalog; path = Assets.xcassets; sourceTree = "<group>"; };
		403C5E7121AE774300D449AB /* Base */ = {isa = PBXFileReference; lastKnownFileType = file.storyboard; name = Base; path = Base.lproj/LaunchScreen.storyboard; sourceTree = "<group>"; };
		403C5E7321AE774300D449AB /* Info.plist */ = {isa = PBXFileReference; lastKnownFileType = text.plist.xml; path = Info.plist; sourceTree = "<group>"; };
		403C5E7821AE774300D449AB /* testTests.xctest */ = {isa = PBXFileReference; explicitFileType = wrapper.cfbundle; includeInIndex = 0; path = testTests.xctest; sourceTree = BUILT_PRODUCTS_DIR; };
		403C5E7C21AE774300D449AB /* testTests.swift */ = {isa = PBXFileReference; lastKnownFileType = sourcecode.swift; path = testTests.swift; sourceTree = "<group>"; };
		403C5E7E21AE774300D449AB /* Info.plist */ = {isa = PBXFileReference; lastKnownFileType = text.plist.xml; path = Info.plist; sourceTree = "<group>"; };
		403C5E8321AE774300D449AB /* testUITests.xctest */ = {isa = PBXFileReference; explicitFileType = wrapper.cfbundle; includeInIndex = 0; path = testUITests.xctest; sourceTree = BUILT_PRODUCTS_DIR; };
		403C5E8721AE774300D449AB /* testUITests.swift */ = {isa = PBXFileReference; lastKnownFileType = sourcecode.swift; path = testUITests.swift; sourceTree = "<group>"; };
		403C5E8921AE774300D449AB /* Info.plist */ = {isa = PBXFileReference; lastKnownFileType = text.plist.xml; path = Info.plist; sourceTree = "<group>"; };
		403C5E9521AE7B2100D449AB /* DetailViewController.swift */ = {isa = PBXFileReference; lastKnownFileType = sourcecode.swift; path = DetailViewController.swift; sourceTree = "<group>"; };
		91432AA0EC690CA72824CB6E /* Pods-testUITests.debug.xcconfig */ = {isa = PBXFileReference; includeInIndex = 1; lastKnownFileType = text.xcconfig; name = "Pods-testUITests.debug.xcconfig"; path = "Target Support Files/Pods-testUITests/Pods-testUITests.debug.xcconfig"; sourceTree = "<group>"; };
		9896D830AEDBDB665552D920 /* Pods-testTests.release.xcconfig */ = {isa = PBXFileReference; includeInIndex = 1; lastKnownFileType = text.xcconfig; name = "Pods-testTests.release.xcconfig"; path = "Target Support Files/Pods-testTests/Pods-testTests.release.xcconfig"; sourceTree = "<group>"; };
		9900E4EAA826E8CE359D6504 /* Pods-test.release.xcconfig */ = {isa = PBXFileReference; includeInIndex = 1; lastKnownFileType = text.xcconfig; name = "Pods-test.release.xcconfig"; path = "Target Support Files/Pods-test/Pods-test.release.xcconfig"; sourceTree = "<group>"; };
		A4681D8B02738D5B715F8877 /* Pods-test.debug.xcconfig */ = {isa = PBXFileReference; includeInIndex = 1; lastKnownFileType = text.xcconfig; name = "Pods-test.debug.xcconfig"; path = "Target Support Files/Pods-test/Pods-test.debug.xcconfig"; sourceTree = "<group>"; };
		A7A2982120423618B550FA86 /* Pods_test.framework */ = {isa = PBXFileReference; explicitFileType = wrapper.framework; includeInIndex = 0; path = Pods_test.framework; sourceTree = BUILT_PRODUCTS_DIR; };
		AF1A02C0C9BBC8651054E853 /* Pods-testUITests.release.xcconfig */ = {isa = PBXFileReference; includeInIndex = 1; lastKnownFileType = text.xcconfig; name = "Pods-testUITests.release.xcconfig"; path = "Target Support Files/Pods-testUITests/Pods-testUITests.release.xcconfig"; sourceTree = "<group>"; };
/* End PBXFileReference section */

/* Begin PBXFrameworksBuildPhase section */
		403C5E6121AE774200D449AB /* Frameworks */ = {
			isa = PBXFrameworksBuildPhase;
			buildActionMask = 2147483647;
			files = (
				A354F883C2CC1D496C10DA56 /* Pods_test.framework in Frameworks */,
			);
			runOnlyForDeploymentPostprocessing = 0;
		};
		403C5E7521AE774300D449AB /* Frameworks */ = {
			isa = PBXFrameworksBuildPhase;
			buildActionMask = 2147483647;
			files = (
				FA9380E7287F973D2DA1A1D3 /* Pods_testTests.framework in Frameworks */,
			);
			runOnlyForDeploymentPostprocessing = 0;
		};
		403C5E8021AE774300D449AB /* Frameworks */ = {
			isa = PBXFrameworksBuildPhase;
			buildActionMask = 2147483647;
			files = (
				20B42DC6C87F937D3D70FEAB /* libPods-testUITests.a in Frameworks */,
			);
			runOnlyForDeploymentPostprocessing = 0;
		};
/* End PBXFrameworksBuildPhase section */

/* Begin PBXGroup section */
		2DC51B97CF29CB7BF0CE5C3F /* Pods */ = {
			isa = PBXGroup;
			children = (
				A4681D8B02738D5B715F8877 /* Pods-test.debug.xcconfig */,
				9900E4EAA826E8CE359D6504 /* Pods-test.release.xcconfig */,
				1E5DCC39C15B97898F7B8B0F /* Pods-testTests.debug.xcconfig */,
				9896D830AEDBDB665552D920 /* Pods-testTests.release.xcconfig */,
				91432AA0EC690CA72824CB6E /* Pods-testUITests.debug.xcconfig */,
				AF1A02C0C9BBC8651054E853 /* Pods-testUITests.release.xcconfig */,
			);
			name = Pods;
			path = Pods;
			sourceTree = "<group>";
		};
		403C5E5B21AE774200D449AB = {
			isa = PBXGroup;
			children = (
				403C5E6621AE774200D449AB /* test */,
				403C5E7B21AE774300D449AB /* testTests */,
				403C5E8621AE774300D449AB /* testUITests */,
				403C5E6521AE774200D449AB /* Products */,
				2DC51B97CF29CB7BF0CE5C3F /* Pods */,
				5F6800D0858DCE4E10161DE8 /* Frameworks */,
			);
			sourceTree = "<group>";
		};
		403C5E6521AE774200D449AB /* Products */ = {
			isa = PBXGroup;
			children = (
				403C5E6421AE774200D449AB /* test.app */,
				403C5E7821AE774300D449AB /* testTests.xctest */,
				403C5E8321AE774300D449AB /* testUITests.xctest */,
			);
			name = Products;
			sourceTree = "<group>";
		};
		403C5E6621AE774200D449AB /* test */ = {
			isa = PBXGroup;
			children = (
				403C5E6721AE774200D449AB /* AppDelegate.swift */,
				403C5E6921AE774200D449AB /* ViewController.swift */,
				403C5E6B21AE774200D449AB /* Main.storyboard */,
				403C5E6E21AE774300D449AB /* Assets.xcassets */,
				403C5E7021AE774300D449AB /* LaunchScreen.storyboard */,
				403C5E7321AE774300D449AB /* Info.plist */,
				403C5E9521AE7B2100D449AB /* DetailViewController.swift */,
			);
			path = test;
			sourceTree = "<group>";
		};
		403C5E7B21AE774300D449AB /* testTests */ = {
			isa = PBXGroup;
			children = (
				403C5E7C21AE774300D449AB /* testTests.swift */,
				403C5E7E21AE774300D449AB /* Info.plist */,
			);
			path = testTests;
			sourceTree = "<group>";
		};
		403C5E8621AE774300D449AB /* testUITests */ = {
			isa = PBXGroup;
			children = (
				403C5E8721AE774300D449AB /* testUITests.swift */,
				403C5E8921AE774300D449AB /* Info.plist */,
			);
			path = testUITests;
			sourceTree = "<group>";
		};
		5F6800D0858DCE4E10161DE8 /* Frameworks */ = {
			isa = PBXGroup;
			children = (
				A7A2982120423618B550FA86 /* Pods_test.framework */,
				06679761919DC853674D5D8E /* Pods_testTests.framework */,
				393EAE26B9EAFC26CF295D4C /* libPods-testUITests.a */,
			);
			name = Frameworks;
			sourceTree = "<group>";
		};
/* End PBXGroup section */

/* Begin PBXNativeTarget section */
		403C5E6321AE774200D449AB /* test */ = {
			isa = PBXNativeTarget;
			buildConfigurationList = 403C5E8C21AE774300D449AB /* Build configuration list for PBXNativeTarget "test" */;
			buildPhases = (
				55D5EFC1BD0E8FCE76302C28 /* [CP] Check Pods Manifest.lock */,
				403C5E6021AE774200D449AB /* Sources */,
				403C5E6121AE774200D449AB /* Frameworks */,
				403C5E6221AE774200D449AB /* Resources */,
				63842F325335BDC1B3020787 /* [CP] Embed Pods Frameworks */,
			);
			buildRules = (
			);
			dependencies = (
			);
			name = test;
			productName = test;
			productReference = 403C5E6421AE774200D449AB /* test.app */;
			productType = "com.apple.product-type.application";
		};
		403C5E7721AE774300D449AB /* testTests */ = {
			isa = PBXNativeTarget;
			buildConfigurationList = 403C5E8F21AE774300D449AB /* Build configuration list for PBXNativeTarget "testTests" */;
			buildPhases = (
				7F405AFF4D55CD0F22B71617 /* [CP] Check Pods Manifest.lock */,
				403C5E7421AE774300D449AB /* Sources */,
				403C5E7521AE774300D449AB /* Frameworks */,
				403C5E7621AE774300D449AB /* Resources */,
			);
			buildRules = (
			);
			dependencies = (
				403C5E7A21AE774300D449AB /* PBXTargetDependency */,
			);
			name = testTests;
			productName = testTests;
			productReference = 403C5E7821AE774300D449AB /* testTests.xctest */;
			productType = "com.apple.product-type.bundle.unit-test";
		};
		403C5E8221AE774300D449AB /* testUITests */ = {
			isa = PBXNativeTarget;
			buildConfigurationList = 403C5E9221AE774300D449AB /* Build configuration list for PBXNativeTarget "testUITests" */;
			buildPhases = (
				9B1672267B833B785FA501B2 /* [CP] Check Pods Manifest.lock */,
				403C5E7F21AE774300D449AB /* Sources */,
				403C5E8021AE774300D449AB /* Frameworks */,
				403C5E8121AE774300D449AB /* Resources */,
			);
			buildRules = (
			);
			dependencies = (
				403C5E8521AE774300D449AB /* PBXTargetDependency */,
			);
			name = testUITests;
			productName = testUITests;
			productReference = 403C5E8321AE774300D449AB /* testUITests.xctest */;
			productType = "com.apple.product-type.bundle.ui-testing";
		};
/* End PBXNativeTarget section */

/* Begin PBXProject section */
		403C5E5C21AE774200D449AB /* Project object */ = {
			isa = PBXProject;
			attributes = {
				LastSwiftUpdateCheck = 1010;
				LastUpgradeCheck = 1010;
				ORGANIZATIONNAME = dengli;
				TargetAttributes = {
					403C5E6321AE774200D449AB = {
						CreatedOnToolsVersion = 10.1;
					};
					403C5E7721AE774300D449AB = {
						CreatedOnToolsVersion = 10.1;
						TestTargetID = 403C5E6321AE774200D449AB;
					};
					403C5E8221AE774300D449AB = {
						CreatedOnToolsVersion = 10.1;
						TestTargetID = 403C5E6321AE774200D449AB;
					};
				};
			};
			buildConfigurationList = 403C5E5F21AE774200D449AB /* Build configuration list for PBXProject "test" */;
			compatibilityVersion = "Xcode 9.3";
			developmentRegion = en;
			hasScannedForEncodings = 0;
			knownRegions = (
				en,
				Base,
			);
			mainGroup = 403C5E5B21AE774200D449AB;
			productRefGroup = 403C5E6521AE774200D449AB /* Products */;
			projectDirPath = "";
			projectRoot = "";
			targets = (
				403C5E6321AE774200D449AB /* test */,
				403C5E7721AE774300D449AB /* testTests */,
				403C5E8221AE774300D449AB /* testUITests */,
			);
		};
/* End PBXProject section */

/* Begin PBXResourcesBuildPhase section */
		403C5E6221AE774200D449AB /* Resources */ = {
			isa = PBXResourcesBuildPhase;
			buildActionMask = 2147483647;
			files = (
				403C5E7221AE774300D449AB /* LaunchScreen.storyboard in Resources */,
				403C5E6F21AE774300D449AB /* Assets.xcassets in Resources */,
				403C5E6D21AE774200D449AB /* Main.storyboard in Resources */,
			);
			runOnlyForDeploymentPostprocessing = 0;
		};
		403C5E7621AE774300D449AB /* Resources */ = {
			isa = PBXResourcesBuildPhase;
			buildActionMask = 2147483647;
			files = (
			);
			runOnlyForDeploymentPostprocessing = 0;
		};
		403C5E8121AE774300D449AB /* Resources */ = {
			isa = PBXResourcesBuildPhase;
			buildActionMask = 2147483647;
			files = (
			);
			runOnlyForDeploymentPostprocessing = 0;
		};
/* End PBXResourcesBuildPhase section */

/* Begin PBXShellScriptBuildPhase section */
		55D5EFC1BD0E8FCE76302C28 /* [CP] Check Pods Manifest.lock */ = {
			isa = PBXShellScriptBuildPhase;
			buildActionMask = 2147483647;
			files = (
			);
			inputFileListPaths = (
			);
			inputPaths = (
				"${PODS_PODFILE_DIR_PATH}/Podfile.lock",
				"${PODS_ROOT}/Manifest.lock",
			);
			name = "[CP] Check Pods Manifest.lock";
			outputFileListPaths = (
			);
			outputPaths = (
				"$(DERIVED_FILE_DIR)/Pods-test-checkManifestLockResult.txt",
			);
			runOnlyForDeploymentPostprocessing = 0;
			shellPath = /bin/sh;
			shellScript = "diff \"${PODS_PODFILE_DIR_PATH}/Podfile.lock\" \"${PODS_ROOT}/Manifest.lock\" > /dev/null\nif [ $? != 0 ] ; then\n    # print error to STDERR\n    echo \"error: The sandbox is not in sync with the Podfile.lock. Run 'pod install' or update your CocoaPods installation.\" >&2\n    exit 1\nfi\n# This output is used by Xcode 'outputs' to avoid re-running this script phase.\necho \"SUCCESS\" > \"${SCRIPT_OUTPUT_FILE_0}\"\n";
			showEnvVarsInLog = 0;
		};
		63842F325335BDC1B3020787 /* [CP] Embed Pods Frameworks */ = {
			isa = PBXShellScriptBuildPhase;
			buildActionMask = 2147483647;
			files = (
			);
			inputFileListPaths = (
			);
			inputPaths = (
				"${PODS_ROOT}/Target Support Files/Pods-test/Pods-test-frameworks.sh",
				"${BUILT_PRODUCTS_DIR}/Kingfisher/Kingfisher.framework",
			);
			name = "[CP] Embed Pods Frameworks";
			outputFileListPaths = (
			);
			outputPaths = (
				"${TARGET_BUILD_DIR}/${FRAMEWORKS_FOLDER_PATH}/Kingfisher.framework",
			);
			runOnlyForDeploymentPostprocessing = 0;
			shellPath = /bin/sh;
			shellScript = "\"${PODS_ROOT}/Target Support Files/Pods-test/Pods-test-frameworks.sh\"\n";
			showEnvVarsInLog = 0;
		};
		7F405AFF4D55CD0F22B71617 /* [CP] Check Pods Manifest.lock */ = {
			isa = PBXShellScriptBuildPhase;
			buildActionMask = 2147483647;
			files = (
			);
			inputFileListPaths = (
			);
			inputPaths = (
				"${PODS_PODFILE_DIR_PATH}/Podfile.lock",
				"${PODS_ROOT}/Manifest.lock",
			);
			name = "[CP] Check Pods Manifest.lock";
			outputFileListPaths = (
			);
			outputPaths = (
				"$(DERIVED_FILE_DIR)/Pods-testTests-checkManifestLockResult.txt",
			);
			runOnlyForDeploymentPostprocessing = 0;
			shellPath = /bin/sh;
			shellScript = "diff \"${PODS_PODFILE_DIR_PATH}/Podfile.lock\" \"${PODS_ROOT}/Manifest.lock\" > /dev/null\nif [ $? != 0 ] ; then\n    # print error to STDERR\n    echo \"error: The sandbox is not in sync with the Podfile.lock. Run 'pod install' or update your CocoaPods installation.\" >&2\n    exit 1\nfi\n# This output is used by Xcode 'outputs' to avoid re-running this script phase.\necho \"SUCCESS\" > \"${SCRIPT_OUTPUT_FILE_0}\"\n";
			showEnvVarsInLog = 0;
		};
		9B1672267B833B785FA501B2 /* [CP] Check Pods Manifest.lock */ = {
			isa = PBXShellScriptBuildPhase;
			buildActionMask = 2147483647;
			files = (
			);
			inputFileListPaths = (
			);
			inputPaths = (
				"${PODS_PODFILE_DIR_PATH}/Podfile.lock",
				"${PODS_ROOT}/Manifest.lock",
			);
			name = "[CP] Check Pods Manifest.lock";
			outputFileListPaths = (
			);
			outputPaths = (
				"$(DERIVED_FILE_DIR)/Pods-testUITests-checkManifestLockResult.txt",
			);
			runOnlyForDeploymentPostprocessing = 0;
			shellPath = /bin/sh;
			shellScript = "diff \"${PODS_PODFILE_DIR_PATH}/Podfile.lock\" \"${PODS_ROOT}/Manifest.lock\" > /dev/null\nif [ $? != 0 ] ; then\n    # print error to STDERR\n    echo \"error: The sandbox is not in sync with the Podfile.lock. Run 'pod install' or update your CocoaPods installation.\" >&2\n    exit 1\nfi\n# This output is used by Xcode 'outputs' to avoid re-running this script phase.\necho \"SUCCESS\" > \"${SCRIPT_OUTPUT_FILE_0}\"\n";
			showEnvVarsInLog = 0;
		};
/* End PBXShellScriptBuildPhase section */

/* Begin PBXSourcesBuildPhase section */
		403C5E6021AE774200D449AB /* Sources */ = {
			isa = PBXSourcesBuildPhase;
			buildActionMask = 2147483647;
			files = (
				403C5E9621AE7B2100D449AB /* DetailViewController.swift in Sources */,
				403C5E6A21AE774200D449AB /* ViewController.swift in Sources */,
				403C5E6821AE774200D449AB /* AppDelegate.swift in Sources */,
			);
			runOnlyForDeploymentPostprocessing = 0;
		};
		403C5E7421AE774300D449AB /* Sources */ = {
			isa = PBXSourcesBuildPhase;
			buildActionMask = 2147483647;
			files = (
				403C5E7D21AE774300D449AB /* testTests.swift in Sources */,
			);
			runOnlyForDeploymentPostprocessing = 0;
		};
		403C5E7F21AE774300D449AB /* Sources */ = {
			isa = PBXSourcesBuildPhase;
			buildActionMask = 2147483647;
			files = (
				403C5E8821AE774300D449AB /* testUITests.swift in Sources */,
			);
			runOnlyForDeploymentPostprocessing = 0;
		};
/* End PBXSourcesBuildPhase section */

/* Begin PBXTargetDependency section */
		403C5E7A21AE774300D449AB /* PBXTargetDependency */ = {
			isa = PBXTargetDependency;
			target = 403C5E6321AE774200D449AB /* test */;
			targetProxy = 403C5E7921AE774300D449AB /* PBXContainerItemProxy */;
		};
		403C5E8521AE774300D449AB /* PBXTargetDependency */ = {
			isa = PBXTargetDependency;
			target = 403C5E6321AE774200D449AB /* test */;
			targetProxy = 403C5E8421AE774300D449AB /* PBXContainerItemProxy */;
		};
/* End PBXTargetDependency section */

/* Begin PBXVariantGroup section */
		403C5E6B21AE774200D449AB /* Main.storyboard */ = {
			isa = PBXVariantGroup;
			children = (
				403C5E6C21AE774200D449AB /* Base */,
			);
			name = Main.storyboard;
			sourceTree = "<group>";
		};
		403C5E7021AE774300D449AB /* LaunchScreen.storyboard */ = {
			isa = PBXVariantGroup;
			children = (
				403C5E7121AE774300D449AB /* Base */,
			);
			name = LaunchScreen.storyboard;
			sourceTree = "<group>";
		};
/* End PBXVariantGroup section */

/* Begin XCBuildConfiguration section */
		403C5E8A21AE774300D449AB /* Debug */ = {
			isa = XCBuildConfiguration;
			buildSettings = {
				ALWAYS_SEARCH_USER_PATHS = NO;
				CLANG_ANALYZER_NONNULL = YES;
				CLANG_ANALYZER_NUMBER_OBJECT_CONVERSION = YES_AGGRESSIVE;
				CLANG_CXX_LANGUAGE_STANDARD = "gnu++14";
				CLANG_CXX_LIBRARY = "libc++";
				CLANG_ENABLE_MODULES = YES;
				CLANG_ENABLE_OBJC_ARC = YES;
				CLANG_ENABLE_OBJC_WEAK = YES;
				CLANG_WARN_BLOCK_CAPTURE_AUTORELEASING = YES;
				CLANG_WARN_BOOL_CONVERSION = YES;
				CLANG_WARN_COMMA = YES;
				CLANG_WARN_CONSTANT_CONVERSION = YES;
				CLANG_WARN_DEPRECATED_OBJC_IMPLEMENTATIONS = YES;
				CLANG_WARN_DIRECT_OBJC_ISA_USAGE = YES_ERROR;
				CLANG_WARN_DOCUMENTATION_COMMENTS = YES;
				CLANG_WARN_EMPTY_BODY = YES;
				CLANG_WARN_ENUM_CONVERSION = YES;
				CLANG_WARN_INFINITE_RECURSION = YES;
				CLANG_WARN_INT_CONVERSION = YES;
				CLANG_WARN_NON_LITERAL_NULL_CONVERSION = YES;
				CLANG_WARN_OBJC_IMPLICIT_RETAIN_SELF = YES;
				CLANG_WARN_OBJC_LITERAL_CONVERSION = YES;
				CLANG_WARN_OBJC_ROOT_CLASS = YES_ERROR;
				CLANG_WARN_RANGE_LOOP_ANALYSIS = YES;
				CLANG_WARN_STRICT_PROTOTYPES = YES;
				CLANG_WARN_SUSPICIOUS_MOVE = YES;
				CLANG_WARN_UNGUARDED_AVAILABILITY = YES_AGGRESSIVE;
				CLANG_WARN_UNREACHABLE_CODE = YES;
				CLANG_WARN__DUPLICATE_METHOD_MATCH = YES;
				CODE_SIGN_IDENTITY = "iPhone Developer";
				COPY_PHASE_STRIP = NO;
				DEBUG_INFORMATION_FORMAT = dwarf;
				ENABLE_STRICT_OBJC_MSGSEND = YES;
				ENABLE_TESTABILITY = YES;
				GCC_C_LANGUAGE_STANDARD = gnu11;
				GCC_DYNAMIC_NO_PIC = NO;
				GCC_NO_COMMON_BLOCKS = YES;
				GCC_OPTIMIZATION_LEVEL = 0;
				GCC_PREPROCESSOR_DEFINITIONS = (
					"DEBUG=1",
					"$(inherited)",
				);
				GCC_WARN_64_TO_32_BIT_CONVERSION = YES;
				GCC_WARN_ABOUT_RETURN_TYPE = YES_ERROR;
				GCC_WARN_UNDECLARED_SELECTOR = YES;
				GCC_WARN_UNINITIALIZED_AUTOS = YES_AGGRESSIVE;
				GCC_WARN_UNUSED_FUNCTION = YES;
				GCC_WARN_UNUSED_VARIABLE = YES;
				IPHONEOS_DEPLOYMENT_TARGET = 12.1;
				MTL_ENABLE_DEBUG_INFO = INCLUDE_SOURCE;
				MTL_FAST_MATH = YES;
				ONLY_ACTIVE_ARCH = YES;
				SDKROOT = iphoneos;
				SWIFT_ACTIVE_COMPILATION_CONDITIONS = DEBUG;
				SWIFT_OPTIMIZATION_LEVEL = "-Onone";
			};
			name = Debug;
		};
		403C5E8B21AE774300D449AB /* Release */ = {
			isa = XCBuildConfiguration;
			buildSettings = {
				ALWAYS_SEARCH_USER_PATHS = NO;
				CLANG_ANALYZER_NONNULL = YES;
				CLANG_ANALYZER_NUMBER_OBJECT_CONVERSION = YES_AGGRESSIVE;
				CLANG_CXX_LANGUAGE_STANDARD = "gnu++14";
				CLANG_CXX_LIBRARY = "libc++";
				CLANG_ENABLE_MODULES = YES;
				CLANG_ENABLE_OBJC_ARC = YES;
				CLANG_ENABLE_OBJC_WEAK = YES;
				CLANG_WARN_BLOCK_CAPTURE_AUTORELEASING = YES;
				CLANG_WARN_BOOL_CONVERSION = YES;
				CLANG_WARN_COMMA = YES;
				CLANG_WARN_CONSTANT_CONVERSION = YES;
				CLANG_WARN_DEPRECATED_OBJC_IMPLEMENTATIONS = YES;
				CLANG_WARN_DIRECT_OBJC_ISA_USAGE = YES_ERROR;
				CLANG_WARN_DOCUMENTATION_COMMENTS = YES;
				CLANG_WARN_EMPTY_BODY = YES;
				CLANG_WARN_ENUM_CONVERSION = YES;
				CLANG_WARN_INFINITE_RECURSION = YES;
				CLANG_WARN_INT_CONVERSION = YES;
				CLANG_WARN_NON_LITERAL_NULL_CONVERSION = YES;
				CLANG_WARN_OBJC_IMPLICIT_RETAIN_SELF = YES;
				CLANG_WARN_OBJC_LITERAL_CONVERSION = YES;
				CLANG_WARN_OBJC_ROOT_CLASS = YES_ERROR;
				CLANG_WARN_RANGE_LOOP_ANALYSIS = YES;
				CLANG_WARN_STRICT_PROTOTYPES = YES;
				CLANG_WARN_SUSPICIOUS_MOVE = YES;
				CLANG_WARN_UNGUARDED_AVAILABILITY = YES_AGGRESSIVE;
				CLANG_WARN_UNREACHABLE_CODE = YES;
				CLANG_WARN__DUPLICATE_METHOD_MATCH = YES;
				CODE_SIGN_IDENTITY = "iPhone Developer";
				COPY_PHASE_STRIP = NO;
				DEBUG_INFORMATION_FORMAT = "dwarf-with-dsym";
				ENABLE_NS_ASSERTIONS = NO;
				ENABLE_STRICT_OBJC_MSGSEND = YES;
				GCC_C_LANGUAGE_STANDARD = gnu11;
				GCC_NO_COMMON_BLOCKS = YES;
				GCC_WARN_64_TO_32_BIT_CONVERSION = YES;
				GCC_WARN_ABOUT_RETURN_TYPE = YES_ERROR;
				GCC_WARN_UNDECLARED_SELECTOR = YES;
				GCC_WARN_UNINITIALIZED_AUTOS = YES_AGGRESSIVE;
				GCC_WARN_UNUSED_FUNCTION = YES;
				GCC_WARN_UNUSED_VARIABLE = YES;
				IPHONEOS_DEPLOYMENT_TARGET = 12.1;
				MTL_ENABLE_DEBUG_INFO = NO;
				MTL_FAST_MATH = YES;
				SDKROOT = iphoneos;
				SWIFT_COMPILATION_MODE = wholemodule;
				SWIFT_OPTIMIZATION_LEVEL = "-O";
				VALIDATE_PRODUCT = YES;
			};
			name = Release;
		};
		403C5E8D21AE774300D449AB /* Debug */ = {
			isa = XCBuildConfiguration;
			baseConfigurationReference = A4681D8B02738D5B715F8877 /* Pods-test.debug.xcconfig */;
			buildSettings = {
				ASSETCATALOG_COMPILER_APPICON_NAME = AppIcon;
				CODE_SIGN_STYLE = Automatic;
				DEVELOPMENT_TEAM = ND2LGZT6B5;
				INFOPLIST_FILE = test/Info.plist;
				LD_RUNPATH_SEARCH_PATHS = (
					"$(inherited)",
					"@executable_path/Frameworks",
				);
				PRODUCT_BUNDLE_IDENTIFIER = com.dengli.test;
				PRODUCT_NAME = "$(TARGET_NAME)";
				SWIFT_VERSION = 4.2;
				TARGETED_DEVICE_FAMILY = "1,2";
			};
			name = Debug;
		};
		403C5E8E21AE774300D449AB /* Release */ = {
			isa = XCBuildConfiguration;
			baseConfigurationReference = 9900E4EAA826E8CE359D6504 /* Pods-test.release.xcconfig */;
			buildSettings = {
				ASSETCATALOG_COMPILER_APPICON_NAME = AppIcon;
				CODE_SIGN_STYLE = Automatic;
				DEVELOPMENT_TEAM = ND2LGZT6B5;
				INFOPLIST_FILE = test/Info.plist;
				LD_RUNPATH_SEARCH_PATHS = (
					"$(inherited)",
					"@executable_path/Frameworks",
				);
				PRODUCT_BUNDLE_IDENTIFIER = com.dengli.test;
				PRODUCT_NAME = "$(TARGET_NAME)";
				SWIFT_VERSION = 4.2;
				TARGETED_DEVICE_FAMILY = "1,2";
			};
			name = Release;
		};
		403C5E9021AE774300D449AB /* Debug */ = {
			isa = XCBuildConfiguration;
			baseConfigurationReference = 1E5DCC39C15B97898F7B8B0F /* Pods-testTests.debug.xcconfig */;
			buildSettings = {
				ALWAYS_EMBED_SWIFT_STANDARD_LIBRARIES = YES;
				BUNDLE_LOADER = "$(TEST_HOST)";
				CODE_SIGN_STYLE = Automatic;
				DEVELOPMENT_TEAM = ND2LGZT6B5;
				INFOPLIST_FILE = testTests/Info.plist;
				LD_RUNPATH_SEARCH_PATHS = (
					"$(inherited)",
					"@executable_path/Frameworks",
					"@loader_path/Frameworks",
				);
				PRODUCT_BUNDLE_IDENTIFIER = com.dengli.testTests;
				PRODUCT_NAME = "$(TARGET_NAME)";
				SWIFT_VERSION = 4.2;
				TARGETED_DEVICE_FAMILY = "1,2";
				TEST_HOST = "$(BUILT_PRODUCTS_DIR)/test.app/test";
			};
			name = Debug;
		};
		403C5E9121AE774300D449AB /* Release */ = {
			isa = XCBuildConfiguration;
			baseConfigurationReference = 9896D830AEDBDB665552D920 /* Pods-testTests.release.xcconfig */;
			buildSettings = {
				ALWAYS_EMBED_SWIFT_STANDARD_LIBRARIES = YES;
				BUNDLE_LOADER = "$(TEST_HOST)";
				CODE_SIGN_STYLE = Automatic;
				DEVELOPMENT_TEAM = ND2LGZT6B5;
				INFOPLIST_FILE = testTests/Info.plist;
				LD_RUNPATH_SEARCH_PATHS = (
					"$(inherited)",
					"@executable_path/Frameworks",
					"@loader_path/Frameworks",
				);
				PRODUCT_BUNDLE_IDENTIFIER = com.dengli.testTests;
				PRODUCT_NAME = "$(TARGET_NAME)";
				SWIFT_VERSION = 4.2;
				TARGETED_DEVICE_FAMILY = "1,2";
				TEST_HOST = "$(BUILT_PRODUCTS_DIR)/test.app/test";
			};
			name = Release;
		};
		403C5E9321AE774300D449AB /* Debug */ = {
			isa = XCBuildConfiguration;
			baseConfigurationReference = 91432AA0EC690CA72824CB6E /* Pods-testUITests.debug.xcconfig */;
			buildSettings = {
				ALWAYS_EMBED_SWIFT_STANDARD_LIBRARIES = YES;
				CODE_SIGN_STYLE = Automatic;
				DEVELOPMENT_TEAM = ND2LGZT6B5;
				INFOPLIST_FILE = testUITests/Info.plist;
				LD_RUNPATH_SEARCH_PATHS = (
					"$(inherited)",
					"@executable_path/Frameworks",
					"@loader_path/Frameworks",
				);
				PRODUCT_BUNDLE_IDENTIFIER = com.dengli.testUITests;
				PRODUCT_NAME = "$(TARGET_NAME)";
				SWIFT_VERSION = 4.2;
				TARGETED_DEVICE_FAMILY = "1,2";
				TEST_TARGET_NAME = test;
			};
			name = Debug;
		};
		403C5E9421AE774300D449AB /* Release */ = {
			isa = XCBuildConfiguration;
			baseConfigurationReference = AF1A02C0C9BBC8651054E853 /* Pods-testUITests.release.xcconfig */;
			buildSettings = {
				ALWAYS_EMBED_SWIFT_STANDARD_LIBRARIES = YES;
				CODE_SIGN_STYLE = Automatic;
				DEVELOPMENT_TEAM = ND2LGZT6B5;
				INFOPLIST_FILE = testUITests/Info.plist;
				LD_RUNPATH_SEARCH_PATHS = (
					"$(inherited)",
					"@executable_path/Frameworks",
					"@loader_path/Frameworks",
				);
				PRODUCT_BUNDLE_IDENTIFIER = com.dengli.testUITests;
				PRODUCT_NAME = "$(TARGET_NAME)";
				SWIFT_VERSION = 4.2;
				TARGETED_DEVICE_FAMILY = "1,2";
				TEST_TARGET_NAME = test;
			};
			name = Release;
		};
/* End XCBuildConfiguration section */

/* Begin XCConfigurationList section */
		403C5E5F21AE774200D449AB /* Build configuration list for PBXProject "test" */ = {
			isa = XCConfigurationList;
			buildConfigurations = (
				403C5E8A21AE774300D449AB /* Debug */,
				403C5E8B21AE774300D449AB /* Release */,
			);
			defaultConfigurationIsVisible = 0;
			defaultConfigurationName = Release;
		};
		403C5E8C21AE774300D449AB /* Build configuration list for PBXNativeTarget "test" */ = {
			isa = XCConfigurationList;
			buildConfigurations = (
				403C5E8D21AE774300D449AB /* Debug */,
				403C5E8E21AE774300D449AB /* Release */,
			);
			defaultConfigurationIsVisible = 0;
			defaultConfigurationName = Release;
		};
		403C5E8F21AE774300D449AB /* Build configuration list for PBXNativeTarget "testTests" */ = {
			isa = XCConfigurationList;
			buildConfigurations = (
				403C5E9021AE774300D449AB /* Debug */,
				403C5E9121AE774300D449AB /* Release */,
			);
			defaultConfigurationIsVisible = 0;
			defaultConfigurationName = Release;
		};
		403C5E9221AE774300D449AB /* Build configuration list for PBXNativeTarget "testUITests" */ = {
			isa = XCConfigurationList;
			buildConfigurations = (
				403C5E9321AE774300D449AB /* Debug */,
				403C5E9421AE774300D449AB /* Release */,
			);
			defaultConfigurationIsVisible = 0;
			defaultConfigurationName = Release;
		};
/* End XCConfigurationList section */
	};
	rootObject = 403C5E5C21AE774200D449AB /* Project object */;
}
